{
    "name": "nac-plugins-js",
    "version": "1.0.0",
    "lockfileVersion": 2,
    "requires": true,
    "packages": {
        "": {
            "name": "nac-plugins-js",
            "version": "1.0.0",
            "license": "ISC",
            "dependencies": {
                "lit": "^2.6.1"
            },
            "devDependencies": {
                "@nintex/form-plugin-contract": "^1.0.0-beta.2",
                "localdev": "file:../localdev"
            }
        },
        "../localdev": {
            "version": "1.0.0",
            "dev": true,
            "license": "ISC",
            "dependencies": {
                "commander": "^10.0.0",
                "cors": "^2.8.5",
                "express": "^4.18.2",
                "open": "^8.4.2",
                "serve-index": "^1.9.1"
            }
        },
        "node_modules/@lit-labs/ssr-dom-shim": {
            "version": "1.0.0",
            "resolved": "https://registry.npmjs.org/@lit-labs/ssr-dom-shim/-/ssr-dom-shim-1.0.0.tgz",
            "integrity": "sha512-ic93MBXfApIFTrup4a70M/+ddD8xdt2zxxj9sRwHQzhS9ag/syqkD8JPdTXsc1gUy2K8TTirhlCqyTEM/sifNw=="
        },
        "node_modules/@lit/reactive-element": {
            "version": "1.6.1",
            "resolved": "https://registry.npmjs.org/@lit/reactive-element/-/reactive-element-1.6.1.tgz",
            "integrity": "sha512-va15kYZr7KZNNPZdxONGQzpUr+4sxVu7V/VG7a8mRfPPXUyhEYj5RzXCQmGrlP3tAh0L3HHm5AjBMFYRqlM9SA==",
            "dependencies": {
                "@lit-labs/ssr-dom-shim": "^1.0.0"
            }
        },
        "node_modules/@nintex/form-plugin-contract": {
            "version": "1.0.0-beta.3",
            "resolved": "https://registry.npmjs.org/@nintex/form-plugin-contract/-/form-plugin-contract-1.0.0-beta.3.tgz",
            "integrity": "sha512-WOHS1t3fwOk/svSn7gWRnThvRGZJR+JleQLgAjUhRgkZTmvo1hC4jVe/XdmrG6q0XI8C5YhfT9XekwNSZheA5g==",
            "dev": true,
            "dependencies": {
                "zod": "^3.20.2"
            }
        },
        "node_modules/@types/trusted-types": {
            "version": "2.0.3",
            "resolved": "https://registry.npmjs.org/@types/trusted-types/-/trusted-types-2.0.3.tgz",
            "integrity": "sha512-NfQ4gyz38SL8sDNrSixxU2Os1a5xcdFxipAFxYEuLUlvU2uDwS4NUpsImcf1//SlWItCVMMLiylsxbmNMToV/g=="
        },
        "node_modules/lit": {
            "version": "2.6.1",
            "resolved": "https://registry.npmjs.org/lit/-/lit-2.6.1.tgz",
            "integrity": "sha512-DT87LD64f8acR7uVp7kZfhLRrHkfC/N4BVzAtnw9Yg8087mbBJ//qedwdwX0kzDbxgPccWRW6mFwGbRQIxy0pw==",
            "dependencies": {
                "@lit/reactive-element": "^1.6.0",
                "lit-element": "^3.2.0",
                "lit-html": "^2.6.0"
            }
        },
        "node_modules/lit-element": {
            "version": "3.2.2",
            "resolved": "https://registry.npmjs.org/lit-element/-/lit-element-3.2.2.tgz",
            "integrity": "sha512-6ZgxBR9KNroqKb6+htkyBwD90XGRiqKDHVrW/Eh0EZ+l+iC+u+v+w3/BA5NGi4nizAVHGYvQBHUDuSmLjPp7NQ==",
            "dependencies": {
                "@lit/reactive-element": "^1.3.0",
                "lit-html": "^2.2.0"
            }
        },
        "node_modules/lit-html": {
            "version": "2.6.1",
            "resolved": "https://registry.npmjs.org/lit-html/-/lit-html-2.6.1.tgz",
            "integrity": "sha512-Z3iw+E+3KKFn9t2YKNjsXNEu/LRLI98mtH/C6lnFg7kvaqPIzPn124Yd4eT/43lyqrejpc5Wb6BHq3fdv4S8Rw==",
            "dependencies": {
                "@types/trusted-types": "^2.0.2"
            }
        },
        "node_modules/localdev": {
            "resolved": "../localdev",
            "link": true
        },
        "node_modules/zod": {
            "version": "3.21.4",
            "resolved": "https://registry.npmjs.org/zod/-/zod-3.21.4.tgz",
            "integrity": "sha512-m46AKbrzKVzOzs/DZgVnG5H55N1sv1M8qZU3A8RIKbs3mrACDNeIOeilDymVb2HdmP8uwshOCF4uJ8uM9rCqJw==",
            "dev": true,
            "funding": {
                "url": "https://github.com/sponsors/colinhacks"
            }
        }
    },
    "dependencies": {
        "@lit-labs/ssr-dom-shim": {
            "version": "1.0.0",
            "resolved": "https://registry.npmjs.org/@lit-labs/ssr-dom-shim/-/ssr-dom-shim-1.0.0.tgz",
            "integrity": "sha512-ic93MBXfApIFTrup4a70M/+ddD8xdt2zxxj9sRwHQzhS9ag/syqkD8JPdTXsc1gUy2K8TTirhlCqyTEM/sifNw=="
        },
        "@lit/reactive-element": {
            "version": "1.6.1",
            "resolved": "https://registry.npmjs.org/@lit/reactive-element/-/reactive-element-1.6.1.tgz",
            "integrity": "sha512-va15kYZr7KZNNPZdxONGQzpUr+4sxVu7V/VG7a8mRfPPXUyhEYj5RzXCQmGrlP3tAh0L3HHm5AjBMFYRqlM9SA==",
            "requires": {
                "@lit-labs/ssr-dom-shim": "^1.0.0"
            }
        },
        "@nintex/form-plugin-contract": {
            "version": "1.0.0-beta.3",
            "resolved": "https://registry.npmjs.org/@nintex/form-plugin-contract/-/form-plugin-contract-1.0.0-beta.3.tgz",
            "integrity": "sha512-WOHS1t3fwOk/svSn7gWRnThvRGZJR+JleQLgAjUhRgkZTmvo1hC4jVe/XdmrG6q0XI8C5YhfT9XekwNSZheA5g==",
            "dev": true,
            "requires": {
                "zod": "^3.20.2"
            }
        },
        "@types/trusted-types": {
            "version": "2.0.3",
            "resolved": "https://registry.npmjs.org/@types/trusted-types/-/trusted-types-2.0.3.tgz",
            "integrity": "sha512-NfQ4gyz38SL8sDNrSixxU2Os1a5xcdFxipAFxYEuLUlvU2uDwS4NUpsImcf1//SlWItCVMMLiylsxbmNMToV/g=="
        },
        "lit": {
            "version": "2.6.1",
            "resolved": "https://registry.npmjs.org/lit/-/lit-2.6.1.tgz",
            "integrity": "sha512-DT87LD64f8acR7uVp7kZfhLRrHkfC/N4BVzAtnw9Yg8087mbBJ//qedwdwX0kzDbxgPccWRW6mFwGbRQIxy0pw==",
            "requires": {
                "@lit/reactive-element": "^1.6.0",
                "lit-element": "^3.2.0",
                "lit-html": "^2.6.0"
            }
        },
        "lit-element": {
            "version": "3.2.2",
            "resolved": "https://registry.npmjs.org/lit-element/-/lit-element-3.2.2.tgz",
            "integrity": "sha512-6ZgxBR9KNroqKb6+htkyBwD90XGRiqKDHVrW/Eh0EZ+l+iC+u+v+w3/BA5NGi4nizAVHGYvQBHUDuSmLjPp7NQ==",
            "requires": {
                "@lit/reactive-element": "^1.3.0",
                "lit-html": "^2.2.0"
            }
        },
        "lit-html": {
            "version": "2.6.1",
            "resolved": "https://registry.npmjs.org/lit-html/-/lit-html-2.6.1.tgz",
            "integrity": "sha512-Z3iw+E+3KKFn9t2YKNjsXNEu/LRLI98mtH/C6lnFg7kvaqPIzPn124Yd4eT/43lyqrejpc5Wb6BHq3fdv4S8Rw==",
            "requires": {
                "@types/trusted-types": "^2.0.2"
            }
        },
        "localdev": {
            "version": "file:../localdev",
            "requires": {
                "commander": "^10.0.0",
                "cors": "^2.8.5",
                "express": "^4.18.2",
                "open": "^8.4.2",
                "serve-index": "^1.9.1"
            }
        },
        "zod": {
            "version": "3.21.4",
            "resolved": "https://registry.npmjs.org/zod/-/zod-3.21.4.tgz",
            "integrity": "sha512-m46AKbrzKVzOzs/DZgVnG5H55N1sv1M8qZU3A8RIKbs3mrACDNeIOeilDymVb2HdmP8uwshOCF4uJ8uM9rCqJw==",
            "dev": true
        }
    }
}
